PODS:
  - lottie-ios (3.1.9)
  - RxCocoa (5.1.1):
    - RxRelay (~> 5)
    - RxSwift (~> 5)
  - RxRelay (5.1.1):
    - RxSwift (~> 5)
  - RxSwift (5.1.1)
  - SwiftyJSON (4.3.0)

DEPENDENCIES:
  - lottie-ios
  - RxCocoa
  - RxSwift
  - SwiftyJSON (~> 4.0)

SPEC REPOS:
  trunk:
    - lottie-ios
    - RxCocoa
    - RxRelay
    - RxSwift
    - SwiftyJSON

SPEC CHECKSUMS:
  lottie-ios: 3a3758ef5a008e762faec9c9d50a39842f26d124
  RxCocoa: 32065309a38d29b5b0db858819b5bf9ef038b601
  RxRelay: d77f7d771495f43c556cbc43eebd1bb54d01e8e9
  RxSwift: 81470a2074fa8780320ea5fe4102807cb7118178
  SwiftyJSON: 6faa0040f8b59dead0ee07436cbf76b73c08fd08

PODFILE CHECKSUM: 8859d3da3e9469baf517ec004d84a8b2bfd0cd9b

COCOAPODS: 1.9.3
